{
  "name": "ngx-view-only",
  "version": "1.0.0",
  "lockfileVersion": 1,
  "requires": true,
  "dependencies": {
    "@angular/common": {
      "version": "6.0.3",
      "resolved": "https://registry.npmjs.org/@angular/common/-/common-6.0.3.tgz",
      "integrity": "sha512-tqEYeEXoaw2kzSUfTrmC3ruJ87trS61SHayIf56f/jtEVn+4pbgJDTNvLSnB6QEaMTn7sX6QBroauMWmdTVSvA==",
      "requires": {
        "tslib": "1.9.2"
      }
    },
    "@angular/core": {
      "version": "6.0.3",
      "resolved": "https://registry.npmjs.org/@angular/core/-/core-6.0.3.tgz",
      "integrity": "sha512-YJk0kS/V9C2JFKMHfiw6TNxmfkYWGW4HzqGOm/VoPkvj9O4Erkz/OtOOc8hYGmXFmQz1UpOAByzY2XIlEi72XQ==",
      "requires": {
        "tslib": "1.9.2"
      }
    },
    "rxjs": {
      "version": "6.2.0",
      "resolved": "https://registry.npmjs.org/rxjs/-/rxjs-6.2.0.tgz",
      "integrity": "sha512-qBzf5uu6eOKiCZuAE0SgZ0/Qp+l54oeVxFfC2t+mJ2SFI6IB8gmMdJHs5DUMu5kqifqcCtsKS2XHjhZu6RKvAw==",
      "requires": {
        "tslib": "1.9.2"
      }
    },
    "tslib": {
      "version": "1.9.2",
      "resolved": "https://registry.npmjs.org/tslib/-/tslib-1.9.2.tgz",
      "integrity": "sha512-AVP5Xol3WivEr7hnssHDsaM+lVrVXWUvd1cfXTRkTj80b//6g2wIFEH6hZG0muGZRnHGrfttpdzRk3YlBkWjKw=="
    },
    "zone.js": {
      "version": "0.8.26",
      "resolved": "https://registry.npmjs.org/zone.js/-/zone.js-0.8.26.tgz",
      "integrity": "sha512-W9Nj+UmBJG251wkCacIkETgra4QgBo/vgoEkb4a2uoLzpQG7qF9nzwoLXWU5xj3Fg2mxGvEDh47mg24vXccYjA=="
    }
  }
}
